
Microsoft Visual Studio Solution File, Format Version 12.00
# Visual Studio Version 16
VisualStudioVersion = 16.0.31025.194
MinimumVisualStudioVersion = 10.0.40219.1
Project("{FAE04EC0-301F-11D3-BF4B-00C04F79EFBC}") = "WorkshopApp", "WorkshopApp\WorkshopApp.csproj", "{102EE50C-CCA9-45AD-B7B8-8141B949CAAB}"
EndProject
Global
	GlobalSection(SolutionConfigurationPlatforms) = preSolution
		Debug|Any CPU = Debug|Any CPU
		Release|Any CPU = Release|Any CPU
	EndGlobalSection
	GlobalSection(ProjectConfigurationPlatforms) = postSolution
		{102EE50C-CCA9-45AD-B7B8-8141B949CAAB}.Debug|Any CPU.ActiveCfg = Debug|Any CPU
		{102EE50C-CCA9-45AD-B7B8-8141B949CAAB}.Debug|Any CPU.Build.0 = Debug|Any CPU
		{102EE50C-CCA9-45AD-B7B8-8141B949CAAB}.Release|Any CPU.ActiveCfg = Release|Any CPU
		{102EE50C-CCA9-45AD-B7B8-8141B949CAAB}.Release|Any CPU.Build.0 = Release|Any CPU
	EndGlobalSection
	GlobalSection(SolutionProperties) = preSolution
		HideSolutionNode = FALSE
	EndGlobalSection
	GlobalSection(ExtensibilityGlobals) = postSolution
		SolutionGuid = {6C84EB09-B6E1-407F-B20D-B572282A93A6}
	EndGlobalSection
EndGlobal
